{
  "requires": true,
  "lockfileVersion": 1,
  "dependencies": {
    "swagger-ui-dist": {
      "version": "3.24.2",
      "resolved": "https://registry.npmjs.org/swagger-ui-dist/-/swagger-ui-dist-3.24.2.tgz",
      "integrity": "sha512-Nhx9hODibHEa53ErTrguM/N0XaEBcQeKkTlfgJvRwMo/CrJI6ncy8xKOh3meSqQj+oVqz2nhWjMBBudJsRYz5g=="
    }
  }
}
